# @generated - this file is auto-generated by `mise lock` https://mise.jdx.dev/dev-tools/mise-lock.html

lockfile_version = 1

[[tools."cargo:cargo-edit"]]
version = "0.13.13"
backend = "cargo:cargo-edit"
specifiers = ["latest"]

[[tools.cocogitto]]
version = "7.0.0"
backend = "aqua:cocogitto/cocogitto"
specifiers = ["latest"]

[tools.cocogitto."platforms.linux-arm64"]
checksum = "sha256:379949f50c4f8245ef9532913e83f351c048b55e40ebd52ed8a850642c07a753"
url = "https://github.com/cocogitto/cocogitto/releases/download/7.0.0/cocogitto-7.0.0-aarch64-unknown-linux-gnu.tar.gz"
url_api = "https://api.github.com/repos/cocogitto/cocogitto/releases/assets/366659384"

[tools.cocogitto."platforms.linux-x64"]
checksum = "sha256:e03938ff2c4c86d71c00c0f3284dbbe95c5ca76fe34a51f33e945c23010d59bb"
url = "https://github.com/cocogitto/cocogitto/releases/download/7.0.0/cocogitto-7.0.0-x86_64-unknown-linux-musl.tar.gz"
url_api = "https://api.github.com/repos/cocogitto/cocogitto/releases/assets/366659350"

[tools.cocogitto."platforms.linux-x64-musl"]
checksum = "sha256:e03938ff2c4c86d71c00c0f3284dbbe95c5ca76fe34a51f33e945c23010d59bb"
url = "https://github.com/cocogitto/cocogitto/releases/download/7.0.0/cocogitto-7.0.0-x86_64-unknown-linux-musl.tar.gz"
url_api = "https://api.github.com/repos/cocogitto/cocogitto/releases/assets/366659350"

[tools.cocogitto."platforms.macos-arm64"]
checksum = "sha256:429303b6d68c6461aa221ab4de82b26d0bbcdee7127947ea9c7c411ab9bc574c"
url = "https://github.com/cocogitto/cocogitto/releases/download/7.0.0/cocogitto-7.0.0-aarch64-apple-darwin.tar.gz"
url_api = "https://api.github.com/repos/cocogitto/cocogitto/releases/assets/366659431"

[tools.cocogitto."platforms.macos-x64"]
checksum = "sha256:591dcd462e2e35ecc21caf41a15a65d464b7ce1ce8a5c299fa0d46a7798dddb0"
url = "https://github.com/cocogitto/cocogitto/releases/download/7.0.0/cocogitto-7.0.0-x86_64-apple-darwin.tar.gz"
url_api = "https://api.github.com/repos/cocogitto/cocogitto/releases/assets/366659418"

[tools.cocogitto."platforms.windows-x64"]
checksum = "sha256:074f68f05d270da5c0d69d3e234ec362bec4c6e3189c21d1c948d038603655d7"
url = "https://github.com/cocogitto/cocogitto/releases/download/7.0.0/cocogitto-7.0.0-x86_64-pc-windows-msvc.tar.gz"
url_api = "https://api.github.com/repos/cocogitto/cocogitto/releases/assets/366659399"

[[tools.opengrep]]
version = "1.27.1"
backend = "aqua:opengrep/opengrep"
specifiers = ["latest"]

[tools.opengrep."platforms.linux-arm64"]
checksum = "sha256:96ee2caddd5f17821ae6952774a91c8781778bfa9af1ace83645444c0edc6c97"
url = "https://github.com/opengrep/opengrep/releases/download/v1.27.1/opengrep_manylinux_aarch64"
url_api = "https://api.github.com/repos/opengrep/opengrep/releases/assets/514844149"

[tools.opengrep."platforms.linux-arm64-musl"]
checksum = "sha256:96ee2caddd5f17821ae6952774a91c8781778bfa9af1ace83645444c0edc6c97"
url = "https://github.com/opengrep/opengrep/releases/download/v1.27.1/opengrep_manylinux_aarch64"
url_api = "https://api.github.com/repos/opengrep/opengrep/releases/assets/514844149"

[tools.opengrep."platforms.linux-x64"]
checksum = "sha256:58053da76672bbeb5b0a5441021c58338707052e10f81d777140ca879bd491ce"
url = "https://github.com/opengrep/opengrep/releases/download/v1.27.1/opengrep_manylinux_x86"
url_api = "https://api.github.com/repos/opengrep/opengrep/releases/assets/514844159"

[tools.opengrep."platforms.linux-x64-musl"]
checksum = "sha256:58053da76672bbeb5b0a5441021c58338707052e10f81d777140ca879bd491ce"
url = "https://github.com/opengrep/opengrep/releases/download/v1.27.1/opengrep_manylinux_x86"
url_api = "https://api.github.com/repos/opengrep/opengrep/releases/assets/514844159"

[tools.opengrep."platforms.macos-arm64"]
checksum = "sha256:e0cf2287c00f9e559b5ad28f5731924fc5ec7778f35363d2e15f94e15880a6de"
url = "https://github.com/opengrep/opengrep/releases/download/v1.27.1/opengrep_osx_arm64"
url_api = "https://api.github.com/repos/opengrep/opengrep/releases/assets/514844169"

[tools.opengrep."platforms.macos-x64"]
checksum = "sha256:0e96abde66eda9dcfe8b81b2c616d71deadae0ec62fe026b9e199498ce1aac10"
url = "https://github.com/opengrep/opengrep/releases/download/v1.27.1/opengrep_osx_x86"
url_api = "https://api.github.com/repos/opengrep/opengrep/releases/assets/514844167"

[tools.opengrep."platforms.windows-x64"]
checksum = "sha256:99516b397daed8527228d4471b035c2241c500c5cdb98db618e6ee8ec997d731"
url = "https://github.com/opengrep/opengrep/releases/download/v1.27.1/opengrep_windows_x86.exe"
url_api = "https://api.github.com/repos/opengrep/opengrep/releases/assets/514844170"

[[tools.prek]]
version = "0.4.14"
backend = "aqua:j178/prek"
specifiers = ["latest"]

[tools.prek."platforms.linux-arm64"]
checksum = "sha256:a0302d10599f40eb1b46bfe28cfe04c2638f0af858787d21c5904acc8047aaff"
url = "https://github.com/j178/prek/releases/download/v0.4.14/prek-aarch64-unknown-linux-gnu.tar.gz"
url_api = "https://api.github.com/repos/j178/prek/releases/assets/517620521"
provenance = "github-attestations"

[tools.prek."platforms.linux-arm64-musl"]
checksum = "sha256:27a873abf78df8ec842829f6def4356f1f10c8ddf1741c6b2b3ba0c1e1e93f95"
url = "https://github.com/j178/prek/releases/download/v0.4.14/prek-aarch64-unknown-linux-musl.tar.gz"
url_api = "https://api.github.com/repos/j178/prek/releases/assets/517620523"
provenance = "github-attestations"

[tools.prek."platforms.linux-x64"]
checksum = "sha256:d1eacb826b9f71ce9098636d2c3e96df0ed1cf08c9c17c57bf358b401f5a995d"
url = "https://github.com/j178/prek/releases/download/v0.4.14/prek-x86_64-unknown-linux-gnu.tar.gz"
url_api = "https://api.github.com/repos/j178/prek/releases/assets/517620600"
provenance = "github-attestations"

[tools.prek."platforms.linux-x64-musl"]
checksum = "sha256:388f2e5216684c22e635dc1bde1bac5bd008a5dfc21c754ced382d19ff31413b"
url = "https://github.com/j178/prek/releases/download/v0.4.14/prek-x86_64-unknown-linux-musl.tar.gz"
url_api = "https://api.github.com/repos/j178/prek/releases/assets/517620606"
provenance = "github-attestations"

[tools.prek."platforms.macos-arm64"]
checksum = "sha256:87f7fb2b99871820eb352d9a2327461d25affe354d6d48c4edf3a34f360c6be8"
url = "https://github.com/j178/prek/releases/download/v0.4.14/prek-aarch64-apple-darwin.tar.gz"
url_api = "https://api.github.com/repos/j178/prek/releases/assets/517620513"
provenance = "github-attestations"

[tools.prek."platforms.macos-x64"]
checksum = "sha256:59073820f5145cea2fa91b7e4256bbab6ed44de364d4b6809311d7ee9653d3b7"
url = "https://github.com/j178/prek/releases/download/v0.4.14/prek-x86_64-apple-darwin.tar.gz"
url_api = "https://api.github.com/repos/j178/prek/releases/assets/517620585"
provenance = "github-attestations"

[tools.prek."platforms.windows-x64"]
checksum = "sha256:284eb3b185788fbb5c1b53b1e2217c744be44debaff88efd305b1947df6f0b82"
url = "https://github.com/j178/prek/releases/download/v0.4.14/prek-x86_64-pc-windows-msvc.zip"
url_api = "https://api.github.com/repos/j178/prek/releases/assets/517620593"
provenance = "github-attestations"

[[tools.rust]]
version = "1.98.0"
backend = "core:rust"
specifiers = ["latest"]

[tools.rust.options]
components = "clippy,rustfmt"

[[tools.tombi]]
version = "1.4.0"
backend = "aqua:tombi-toml/tombi"
specifiers = ["latest"]

[tools.tombi."platforms.linux-arm64"]
checksum = "sha256:b70750d462954294c354a014bb90399273876b953c21e3a136aafd3d1d41f5e8"
url = "https://github.com/tombi-toml/tombi/releases/download/v1.4.0/tombi-cli-1.4.0-aarch64-unknown-linux-musl.tar.gz"
url_api = "https://api.github.com/repos/tombi-toml/tombi/releases/assets/513163060"
provenance = "github-attestations"

[tools.tombi."platforms.linux-arm64-musl"]
checksum = "sha256:b70750d462954294c354a014bb90399273876b953c21e3a136aafd3d1d41f5e8"
url = "https://github.com/tombi-toml/tombi/releases/download/v1.4.0/tombi-cli-1.4.0-aarch64-unknown-linux-musl.tar.gz"
url_api = "https://api.github.com/repos/tombi-toml/tombi/releases/assets/513163060"
provenance = "github-attestations"

[tools.tombi."platforms.linux-x64"]
checksum = "sha256:e2dc1190e0590b1fd0581fa8f85017215ed9b05a4d85c1cf18e0979b6cf24fe1"
url = "https://github.com/tombi-toml/tombi/releases/download/v1.4.0/tombi-cli-1.4.0-x86_64-unknown-linux-musl.tar.gz"
url_api = "https://api.github.com/repos/tombi-toml/tombi/releases/assets/513163088"
provenance = "github-attestations"

[tools.tombi."platforms.linux-x64-musl"]
checksum = "sha256:e2dc1190e0590b1fd0581fa8f85017215ed9b05a4d85c1cf18e0979b6cf24fe1"
url = "https://github.com/tombi-toml/tombi/releases/download/v1.4.0/tombi-cli-1.4.0-x86_64-unknown-linux-musl.tar.gz"
url_api = "https://api.github.com/repos/tombi-toml/tombi/releases/assets/513163088"
provenance = "github-attestations"

[tools.tombi."platforms.macos-arm64"]
checksum = "sha256:248159d26488f11fe8c36b9239b1ab84abe3533f4a5d8d066e56c091a99ffde1"
url = "https://github.com/tombi-toml/tombi/releases/download/v1.4.0/tombi-cli-1.4.0-aarch64-apple-darwin.tar.gz"
url_api = "https://api.github.com/repos/tombi-toml/tombi/releases/assets/513163062"
provenance = "github-attestations"

[tools.tombi."platforms.macos-x64"]
checksum = "sha256:7016e0028bf0ff122faeb49b0bb248c9d73885ce73b8ada26be6248e207977bc"
url = "https://github.com/tombi-toml/tombi/releases/download/v1.4.0/tombi-cli-1.4.0-x86_64-apple-darwin.tar.gz"
url_api = "https://api.github.com/repos/tombi-toml/tombi/releases/assets/513163065"
provenance = "github-attestations"

[tools.tombi."platforms.windows-x64"]
checksum = "sha256:376f26ef04c32b7de57352fb1572d550d2f728958f00bfa585cec94a1df677ab"
url = "https://github.com/tombi-toml/tombi/releases/download/v1.4.0/tombi-cli-1.4.0-x86_64-pc-windows-msvc.zip"
url_api = "https://api.github.com/repos/tombi-toml/tombi/releases/assets/513163086"
provenance = "github-attestations"

[[tools.vhs]]
version = "0.11.0"
backend = "aqua:charmbracelet/vhs"
specifiers = ["latest"]

[tools.vhs."platforms.linux-arm64"]
checksum = "sha256:af782cddbf844a377df6ea41c0e72339393fa021be3f6cb70a2f47d48675d92b"
url = "https://github.com/charmbracelet/vhs/releases/download/v0.11.0/vhs_0.11.0_Linux_arm64.tar.gz"
url_api = "https://api.github.com/repos/charmbracelet/vhs/releases/assets/370996180"
provenance = "cosign"

[tools.vhs."platforms.linux-arm64-musl"]
checksum = "sha256:af782cddbf844a377df6ea41c0e72339393fa021be3f6cb70a2f47d48675d92b"
url = "https://github.com/charmbracelet/vhs/releases/download/v0.11.0/vhs_0.11.0_Linux_arm64.tar.gz"
url_api = "https://api.github.com/repos/charmbracelet/vhs/releases/assets/370996180"
provenance = "cosign"

[tools.vhs."platforms.linux-x64"]
checksum = "sha256:99cb634587eaae0473c1ea377db80c3a048c27f99fe0a7febb1a1e8cb7ee5009"
url = "https://github.com/charmbracelet/vhs/releases/download/v0.11.0/vhs_0.11.0_Linux_x86_64.tar.gz"
url_api = "https://api.github.com/repos/charmbracelet/vhs/releases/assets/370996187"
provenance = "cosign"

[tools.vhs."platforms.linux-x64-musl"]
checksum = "sha256:99cb634587eaae0473c1ea377db80c3a048c27f99fe0a7febb1a1e8cb7ee5009"
url = "https://github.com/charmbracelet/vhs/releases/download/v0.11.0/vhs_0.11.0_Linux_x86_64.tar.gz"
url_api = "https://api.github.com/repos/charmbracelet/vhs/releases/assets/370996187"
provenance = "cosign"

[tools.vhs."platforms.macos-arm64"]
checksum = "sha256:eec91ee450ba50b6d4fce2800593b2ac5fdd88a73056367d2c3b870ee44de3f7"
url = "https://github.com/charmbracelet/vhs/releases/download/v0.11.0/vhs_0.11.0_Darwin_arm64.tar.gz"
url_api = "https://api.github.com/repos/charmbracelet/vhs/releases/assets/370996182"
provenance = "cosign"

[tools.vhs."platforms.macos-x64"]
checksum = "sha256:dd5c86c1cec1cf9ebd5ac6cf8119efcb731f055bbe7c7010408c741ee7770f64"
url = "https://github.com/charmbracelet/vhs/releases/download/v0.11.0/vhs_0.11.0_Darwin_x86_64.tar.gz"
url_api = "https://api.github.com/repos/charmbracelet/vhs/releases/assets/370996174"
provenance = "cosign"

[tools.vhs."platforms.windows-x64"]
checksum = "sha256:e3d87403b25e1e88addec6548bdbfdbee772a5c313c9f6f96c495b8e163f18ba"
url = "https://github.com/charmbracelet/vhs/releases/download/v0.11.0/vhs_0.11.0_Windows_x86_64.zip"
url_api = "https://api.github.com/repos/charmbracelet/vhs/releases/assets/370996186"
provenance = "cosign"

[[tools.zizmor]]
version = "1.29.0"
backend = "aqua:zizmorcore/zizmor"
specifiers = ["latest"]

[tools.zizmor."platforms.linux-arm64"]
checksum = "sha256:415eaa7c0a06479a701b8e44a3e812c1047decc848ec4bede7bd6bbf49f22d20"
url = "https://github.com/zizmorcore/zizmor/releases/download/v1.29.0/zizmor-aarch64-unknown-linux-gnu.tar.gz"
url_api = "https://api.github.com/repos/zizmorcore/zizmor/releases/assets/498263143"
provenance = "github-attestations"

[tools.zizmor."platforms.linux-arm64-musl"]
provenance = "github-attestations"

[tools.zizmor."platforms.linux-x64"]
checksum = "sha256:dd96df044a6e8538d5f423790f453bdd03d49e5b2bcc38214acc41a2f1297839"
url = "https://github.com/zizmorcore/zizmor/releases/download/v1.29.0/zizmor-x86_64-unknown-linux-gnu.tar.gz"
url_api = "https://api.github.com/repos/zizmorcore/zizmor/releases/assets/498263145"
provenance = "github-attestations"

[tools.zizmor."platforms.linux-x64-musl"]
provenance = "github-attestations"

[tools.zizmor."platforms.macos-arm64"]
checksum = "sha256:720322fade9e83a9c7953944c438f2ba942636b86b96a8f0e6b15ce94c8a6b6f"
url = "https://github.com/zizmorcore/zizmor/releases/download/v1.29.0/zizmor-aarch64-apple-darwin.tar.gz"
url_api = "https://api.github.com/repos/zizmorcore/zizmor/releases/assets/498263141"
provenance = "github-attestations"

[tools.zizmor."platforms.macos-x64"]
checksum = "sha256:648b72ab9941a7f2a8d65d7b68a8e76cef789538c8df3a3950384d38423375b0"
url = "https://github.com/zizmorcore/zizmor/releases/download/v1.29.0/zizmor-x86_64-apple-darwin.tar.gz"
url_api = "https://api.github.com/repos/zizmorcore/zizmor/releases/assets/498263144"
provenance = "github-attestations"

[tools.zizmor."platforms.windows-x64"]
checksum = "sha256:68a6bc6888f10bf0d53658c75885e7c1b7a0588d4c1fbc3f0ca280ad7324bf06"
url = "https://github.com/zizmorcore/zizmor/releases/download/v1.29.0/zizmor-x86_64-pc-windows-msvc.zip"
url_api = "https://api.github.com/repos/zizmorcore/zizmor/releases/assets/498263142"
provenance = "github-attestations"
